
Microsoft Visual Studio Solution File, Format Version 12.00
# Visual Studio Version 17
VisualStudioVersion = 17.10.35122.118
MinimumVisualStudioVersion = 10.0.40219.1
Project("{FAE04EC0-301F-11D3-BF4B-00C04F79EFBC}") = "LabRat.Server", "LabRat.Server\LabRat.Server.csproj", "{DE81CA4B-D4E4-4869-AD36-F8EB88D63A75}"
EndProject
Project("{54A90642-561A-4BB1-A94E-469ADEE60C69}") = "labrat.client", "labrat.client\labrat.client.esproj", "{EA8B7794-758F-4F2D-9B7D-B6EBE8788884}"
EndProject
Global
	GlobalSection(SolutionConfigurationPlatforms) = preSolution
		Debug|Any CPU = Debug|Any CPU
		Release|Any CPU = Release|Any CPU
	EndGlobalSection
	GlobalSection(ProjectConfigurationPlatforms) = postSolution
		{DE81CA4B-D4E4-4869-AD36-F8EB88D63A75}.Debug|Any CPU.ActiveCfg = Debug|Any CPU
		{DE81CA4B-D4E4-4869-AD36-F8EB88D63A75}.Debug|Any CPU.Build.0 = Debug|Any CPU
		{DE81CA4B-D4E4-4869-AD36-F8EB88D63A75}.Release|Any CPU.ActiveCfg = Release|Any CPU
		{DE81CA4B-D4E4-4869-AD36-F8EB88D63A75}.Release|Any CPU.Build.0 = Release|Any CPU
		{EA8B7794-758F-4F2D-9B7D-B6EBE8788884}.Debug|Any CPU.ActiveCfg = Debug|Any CPU
		{EA8B7794-758F-4F2D-9B7D-B6EBE8788884}.Debug|Any CPU.Build.0 = Debug|Any CPU
		{EA8B7794-758F-4F2D-9B7D-B6EBE8788884}.Debug|Any CPU.Deploy.0 = Debug|Any CPU
		{EA8B7794-758F-4F2D-9B7D-B6EBE8788884}.Release|Any CPU.ActiveCfg = Release|Any CPU
		{EA8B7794-758F-4F2D-9B7D-B6EBE8788884}.Release|Any CPU.Build.0 = Release|Any CPU
		{EA8B7794-758F-4F2D-9B7D-B6EBE8788884}.Release|Any CPU.Deploy.0 = Release|Any CPU
	EndGlobalSection
	GlobalSection(SolutionProperties) = preSolution
		HideSolutionNode = FALSE
	EndGlobalSection
	GlobalSection(ExtensibilityGlobals) = postSolution
		SolutionGuid = {9419DABE-15F6-4543-944E-08DB24D455F4}
	EndGlobalSection
EndGlobal
